
Microsoft Visual Studio Solution File, Format Version 12.00
# Visual Studio Version 17
VisualStudioVersion = 17.13.35806.99 d17.13
MinimumVisualStudioVersion = 10.0.40219.1
Project("{FAE04EC0-301F-11D3-BF4B-00C04F79EFBC}") = "Practical2_u23708795", "Practical2_u23708795.csproj", "{C9FD2C75-99D3-41D6-A7A5-42591D2BDCBD}"
EndProject
Global
	GlobalSection(SolutionConfigurationPlatforms) = preSolution
		Debug|Any CPU = Debug|Any CPU
		Release|Any CPU = Release|Any CPU
	EndGlobalSection
	GlobalSection(ProjectConfigurationPlatforms) = postSolution
		{C9FD2C75-99D3-41D6-A7A5-42591D2BDCBD}.Debug|Any CPU.ActiveCfg = Debug|Any CPU
		{C9FD2C75-99D3-41D6-A7A5-42591D2BDCBD}.Debug|Any CPU.Build.0 = Debug|Any CPU
		{C9FD2C75-99D3-41D6-A7A5-42591D2BDCBD}.Release|Any CPU.ActiveCfg = Release|Any CPU
		{C9FD2C75-99D3-41D6-A7A5-42591D2BDCBD}.Release|Any CPU.Build.0 = Release|Any CPU
	EndGlobalSection
	GlobalSection(SolutionProperties) = preSolution
		HideSolutionNode = FALSE
	EndGlobalSection
	GlobalSection(ExtensibilityGlobals) = postSolution
		SolutionGuid = {B1599BF9-AF79-4DCE-94C4-F0164EA1E885}
	EndGlobalSection
EndGlobal
